
Microsoft Visual Studio Solution File, Format Version 12.00
Project("{2150E333-8FDC-42A3-9474-1A3956D46DE8}") = "src", "src", "{BC4EF50A-9C5D-4B28-8078-2335E6D846CB}"
EndProject
Project("{FAE04EC0-301F-11D3-BF4B-00C04F79EFBC}") = "Year2015", "Year2015\Year2015.csproj", "{20364EFA-E0DA-465B-A0EC-6552656C2711}"
EndProject
Project("{2150E333-8FDC-42A3-9474-1A3956D46DE8}") = "tests", "tests", "{642B7A76-A048-4CA4-8F0F-F0666E8F8911}"
EndProject
Project("{FAE04EC0-301F-11D3-BF4B-00C04F79EFBC}") = "Year2015.Tests", "Year2015.Tests\Year2015.Tests.csproj", "{3698C103-0C5F-4728-9EF8-92DB7A2B0AB0}"
EndProject
Project("{FAE04EC0-301F-11D3-BF4B-00C04F79EFBC}") = "ConsoleApp", "ConsoleApp\ConsoleApp.csproj", "{183451E3-A7BA-478D-B3DC-24D47513AE55}"
EndProject
Global
	GlobalSection(SolutionConfigurationPlatforms) = preSolution
		Debug|Any CPU = Debug|Any CPU
		Release|Any CPU = Release|Any CPU
	EndGlobalSection
	GlobalSection(ProjectConfigurationPlatforms) = postSolution
		{20364EFA-E0DA-465B-A0EC-6552656C2711}.Debug|Any CPU.ActiveCfg = Debug|Any CPU
		{20364EFA-E0DA-465B-A0EC-6552656C2711}.Debug|Any CPU.Build.0 = Debug|Any CPU
		{20364EFA-E0DA-465B-A0EC-6552656C2711}.Release|Any CPU.ActiveCfg = Release|Any CPU
		{20364EFA-E0DA-465B-A0EC-6552656C2711}.Release|Any CPU.Build.0 = Release|Any CPU
		{3698C103-0C5F-4728-9EF8-92DB7A2B0AB0}.Debug|Any CPU.ActiveCfg = Debug|Any CPU
		{3698C103-0C5F-4728-9EF8-92DB7A2B0AB0}.Debug|Any CPU.Build.0 = Debug|Any CPU
		{3698C103-0C5F-4728-9EF8-92DB7A2B0AB0}.Release|Any CPU.ActiveCfg = Release|Any CPU
		{3698C103-0C5F-4728-9EF8-92DB7A2B0AB0}.Release|Any CPU.Build.0 = Release|Any CPU
		{183451E3-A7BA-478D-B3DC-24D47513AE55}.Debug|Any CPU.ActiveCfg = Debug|Any CPU
		{183451E3-A7BA-478D-B3DC-24D47513AE55}.Debug|Any CPU.Build.0 = Debug|Any CPU
		{183451E3-A7BA-478D-B3DC-24D47513AE55}.Release|Any CPU.ActiveCfg = Release|Any CPU
		{183451E3-A7BA-478D-B3DC-24D47513AE55}.Release|Any CPU.Build.0 = Release|Any CPU
	EndGlobalSection
	GlobalSection(NestedProjects) = preSolution
		{20364EFA-E0DA-465B-A0EC-6552656C2711} = {BC4EF50A-9C5D-4B28-8078-2335E6D846CB}
		{3698C103-0C5F-4728-9EF8-92DB7A2B0AB0} = {642B7A76-A048-4CA4-8F0F-F0666E8F8911}
		{183451E3-A7BA-478D-B3DC-24D47513AE55} = {BC4EF50A-9C5D-4B28-8078-2335E6D846CB}
	EndGlobalSection
EndGlobal
